{
  "lockfileVersion": 1,
  "configVersion": 1,
  "workspaces": {
    "": {
      "name": "mei-widgets",
      "dependencies": {
        "@tabler/icons-react": "^3.40.0",
      },
    },
  },
  "packages": {
    "@tabler/icons": ["@tabler/icons@3.40.0", "", {}, "sha512-V/Q4VgNPKubRTiLdmWjV/zscYcj5IIk+euicUtaVVqF6luSC9rDngYWgST5/yh3Mrg/mYUwRv1YVTk71Jp0twQ=="],

    "@tabler/icons-react": ["@tabler/icons-react@3.40.0", "", { "dependencies": { "@tabler/icons": "3.40.0" }, "peerDependencies": { "react": ">= 16" } }, "sha512-oO5+6QCnna4a//mYubx4euZfECtzQZFDGsDMIdzZUhbdyBCT+3bRVFBPueGIcemWld4Vb/0UQ39C/cmGfGylAg=="],

    "react": ["react@19.2.4", "", {}, "sha512-9nfp2hYpCwOjAN+8TZFGhtWEwgvWHXqESH8qT89AT/lWklpLON22Lc8pEtnpsZz7VmawabSU0gCjnj8aC0euHQ=="],
  }
}
